
Microsoft Visual Studio Solution File, Format Version 12.00
# Visual Studio Version 16
VisualStudioVersion = 16.0.30907.101
MinimumVisualStudioVersion = 10.0.40219.1
Project("{FAE04EC0-301F-11D3-BF4B-00C04F79EFBC}") = "RowEditing", "RowEditing\RowEditing.csproj", "{EBEBFBE2-04AF-479F-80BE-80BDAC024101}"
EndProject
Global
	GlobalSection(SolutionConfigurationPlatforms) = preSolution
		Debug|Any CPU = Debug|Any CPU
		Release|Any CPU = Release|Any CPU
	EndGlobalSection
	GlobalSection(ProjectConfigurationPlatforms) = postSolution
		{EBEBFBE2-04AF-479F-80BE-80BDAC024101}.Debug|Any CPU.ActiveCfg = Debug|Any CPU
		{EBEBFBE2-04AF-479F-80BE-80BDAC024101}.Debug|Any CPU.Build.0 = Debug|Any CPU
		{EBEBFBE2-04AF-479F-80BE-80BDAC024101}.Release|Any CPU.ActiveCfg = Release|Any CPU
		{EBEBFBE2-04AF-479F-80BE-80BDAC024101}.Release|Any CPU.Build.0 = Release|Any CPU
	EndGlobalSection
	GlobalSection(SolutionProperties) = preSolution
		HideSolutionNode = FALSE
	EndGlobalSection
	GlobalSection(ExtensibilityGlobals) = postSolution
		SolutionGuid = {6F3F1320-4438-4C25-97D5-E327A7A787AD}
	EndGlobalSection
EndGlobal
